
Microsoft Visual Studio Solution File, Format Version 12.00
# Visual Studio Version 17
VisualStudioVersion = 17.2.32602.215
MinimumVisualStudioVersion = 10.0.40219.1
Project("{FAE04EC0-301F-11D3-BF4B-00C04F79EFBC}") = "CurrencyConverter", "CurrencyConverter\CurrencyConverter.csproj", "{E325446C-D130-4B36-925E-09AD91C624FF}"
EndProject
Global
	GlobalSection(SolutionConfigurationPlatforms) = preSolution
		Debug|Any CPU = Debug|Any CPU
		Release|Any CPU = Release|Any CPU
	EndGlobalSection
	GlobalSection(ProjectConfigurationPlatforms) = postSolution
		{E325446C-D130-4B36-925E-09AD91C624FF}.Debug|Any CPU.ActiveCfg = Debug|Any CPU
		{E325446C-D130-4B36-925E-09AD91C624FF}.Debug|Any CPU.Build.0 = Debug|Any CPU
		{E325446C-D130-4B36-925E-09AD91C624FF}.Release|Any CPU.ActiveCfg = Release|Any CPU
		{E325446C-D130-4B36-925E-09AD91C624FF}.Release|Any CPU.Build.0 = Release|Any CPU
	EndGlobalSection
	GlobalSection(SolutionProperties) = preSolution
		HideSolutionNode = FALSE
	EndGlobalSection
	GlobalSection(ExtensibilityGlobals) = postSolution
		SolutionGuid = {551A622D-62B6-42FF-A0F0-E64F543DD668}
	EndGlobalSection
EndGlobal
